
Microsoft Visual Studio Solution File, Format Version 12.00
# Visual Studio Version 17
VisualStudioVersion = 17.9.34728.123
MinimumVisualStudioVersion = 10.0.40219.1
Project("{54A90642-561A-4BB1-A94E-469ADEE60C69}") = "autotradesystem_react", "AutoTradeSystem_React\autotradesystem_react.esproj", "{478BB6ED-0F39-47D7-BA16-AF78CDE450F5}"
EndProject
Global
	GlobalSection(SolutionConfigurationPlatforms) = preSolution
		Debug|Any CPU = Debug|Any CPU
		Release|Any CPU = Release|Any CPU
	EndGlobalSection
	GlobalSection(ProjectConfigurationPlatforms) = postSolution
		{478BB6ED-0F39-47D7-BA16-AF78CDE450F5}.Debug|Any CPU.ActiveCfg = Debug|Any CPU
		{478BB6ED-0F39-47D7-BA16-AF78CDE450F5}.Debug|Any CPU.Build.0 = Debug|Any CPU
		{478BB6ED-0F39-47D7-BA16-AF78CDE450F5}.Debug|Any CPU.Deploy.0 = Debug|Any CPU
		{478BB6ED-0F39-47D7-BA16-AF78CDE450F5}.Release|Any CPU.ActiveCfg = Release|Any CPU
		{478BB6ED-0F39-47D7-BA16-AF78CDE450F5}.Release|Any CPU.Build.0 = Release|Any CPU
		{478BB6ED-0F39-47D7-BA16-AF78CDE450F5}.Release|Any CPU.Deploy.0 = Release|Any CPU
	EndGlobalSection
	GlobalSection(SolutionProperties) = preSolution
		HideSolutionNode = FALSE
	EndGlobalSection
	GlobalSection(ExtensibilityGlobals) = postSolution
		SolutionGuid = {3F346E6C-6107-4017-83ED-39383C6CB1FF}
	EndGlobalSection
EndGlobal
